{
  "version": 4,
  "terraform_version": "1.14.7",
  "serial": 1,
  "lineage": "71f12570-b3c2-5bb9-0f20-e265a661300e",
  "outputs": {},
  "resources": [
    {
      "mode": "managed",
      "type": "aws_vpc",
      "name": "imported",
      "provider": "provider[\"registry.terraform.io/hashicorp/aws\"]",
      "instances": [
        {
          "schema_version": 1,
          "attributes": {
            "arn": "arn:aws:ec2:us-east-1:648445703705:vpc/vpc-0c0449d6f9ce3bcd0",
            "assign_generated_ipv6_cidr_block": false,
            "cidr_block": "172.31.0.0/16",
            "default_network_acl_id": "acl-014864baf8b3701bc",
            "default_route_table_id": "rtb-0f95a8a1c2f0c4cc5",
            "default_security_group_id": "sg-0fafdd0f46c2daeb8",
            "dhcp_options_id": "dopt-0d8a40c3297decf87",
            "enable_dns_hostnames": true,
            "enable_dns_support": true,
            "enable_network_address_usage_metrics": false,
            "id": "vpc-0c0449d6f9ce3bcd0",
            "instance_tenancy": "default",
            "ipv4_ipam_pool_id": null,
            "ipv4_netmask_length": null,
            "ipv6_association_id": "",
            "ipv6_cidr_block": "",
            "ipv6_cidr_block_network_border_group": "",
            "ipv6_ipam_pool_id": "",
            "ipv6_netmask_length": 0,
            "main_route_table_id": "rtb-0f95a8a1c2f0c4cc5",
            "owner_id": "648445703705",
            "tags": {},
            "tags_all": {}
          },
          "sensitive_attributes": [],
          "identity_schema_version": 0,
          "private": "eyJzY2hlbWFfdmVyc2lvbiI6IjEifQ=="
        }
      ]
    }
  ],
  "check_results": null
}
